
Microsoft Visual Studio Solution File, Format Version 12.00
# Visual Studio Version 17
VisualStudioVersion = 17.5.33530.505
MinimumVisualStudioVersion = 10.0.40219.1
Project("{FAE04EC0-301F-11D3-BF4B-00C04F79EFBC}") = "WebTicket", "WebTicket\WebTicket.csproj", "{FCDF347A-5963-4298-A15C-36FDBD24BAD1}"
EndProject
Global
	GlobalSection(SolutionConfigurationPlatforms) = preSolution
		Debug|Any CPU = Debug|Any CPU
		Release|Any CPU = Release|Any CPU
	EndGlobalSection
	GlobalSection(ProjectConfigurationPlatforms) = postSolution
		{FCDF347A-5963-4298-A15C-36FDBD24BAD1}.Debug|Any CPU.ActiveCfg = Debug|Any CPU
		{FCDF347A-5963-4298-A15C-36FDBD24BAD1}.Debug|Any CPU.Build.0 = Debug|Any CPU
		{FCDF347A-5963-4298-A15C-36FDBD24BAD1}.Release|Any CPU.ActiveCfg = Release|Any CPU
		{FCDF347A-5963-4298-A15C-36FDBD24BAD1}.Release|Any CPU.Build.0 = Release|Any CPU
	EndGlobalSection
	GlobalSection(SolutionProperties) = preSolution
		HideSolutionNode = FALSE
	EndGlobalSection
	GlobalSection(ExtensibilityGlobals) = postSolution
		SolutionGuid = {BF631976-F207-4BF4-9523-35E2174DC705}
	EndGlobalSection
EndGlobal
